
Microsoft Visual Studio Solution File, Format Version 12.00
# Visual Studio Version 17
VisualStudioVersion = 17.8.34330.188
MinimumVisualStudioVersion = 10.0.40219.1
Project("{FAE04EC0-301F-11D3-BF4B-00C04F79EFBC}") = "MauiAuth", "MauiAuth\MauiAuth.csproj", "{B7625F1A-3890-4506-8D04-C78B505EF323}"
EndProject
Project("{FAE04EC0-301F-11D3-BF4B-00C04F79EFBC}") = "AuthServices", "AuthServices\AuthServices.csproj", "{1C67B656-2E7D-46BE-9A05-9C96AED05D55}"
EndProject
Global
	GlobalSection(SolutionConfigurationPlatforms) = preSolution
		Debug|Any CPU = Debug|Any CPU
		Release|Any CPU = Release|Any CPU
	EndGlobalSection
	GlobalSection(ProjectConfigurationPlatforms) = postSolution
		{B7625F1A-3890-4506-8D04-C78B505EF323}.Debug|Any CPU.ActiveCfg = Debug|Any CPU
		{B7625F1A-3890-4506-8D04-C78B505EF323}.Debug|Any CPU.Build.0 = Debug|Any CPU
		{B7625F1A-3890-4506-8D04-C78B505EF323}.Debug|Any CPU.Deploy.0 = Debug|Any CPU
		{B7625F1A-3890-4506-8D04-C78B505EF323}.Release|Any CPU.ActiveCfg = Release|Any CPU
		{B7625F1A-3890-4506-8D04-C78B505EF323}.Release|Any CPU.Build.0 = Release|Any CPU
		{B7625F1A-3890-4506-8D04-C78B505EF323}.Release|Any CPU.Deploy.0 = Release|Any CPU
		{1C67B656-2E7D-46BE-9A05-9C96AED05D55}.Debug|Any CPU.ActiveCfg = Debug|Any CPU
		{1C67B656-2E7D-46BE-9A05-9C96AED05D55}.Debug|Any CPU.Build.0 = Debug|Any CPU
		{1C67B656-2E7D-46BE-9A05-9C96AED05D55}.Release|Any CPU.ActiveCfg = Release|Any CPU
		{1C67B656-2E7D-46BE-9A05-9C96AED05D55}.Release|Any CPU.Build.0 = Release|Any CPU
	EndGlobalSection
	GlobalSection(SolutionProperties) = preSolution
		HideSolutionNode = FALSE
	EndGlobalSection
	GlobalSection(ExtensibilityGlobals) = postSolution
		SolutionGuid = {88BBA932-FF7B-4ACA-8CD2-D0547BD34129}
	EndGlobalSection
EndGlobal
